
Microsoft Visual Studio Solution File, Format Version 12.00
# Visual Studio 2013
VisualStudioVersion = 12.0.40629.0
MinimumVisualStudioVersion = 10.0.40219.1
Project("{FAE04EC0-301F-11D3-BF4B-00C04F79EFBC}") = "CustomAuthWithHTTPModule", "CustomAuthWithHTTPModule\CustomAuthWithHTTPModule.csproj", "{BC2F9352-8969-4E54-8EED-48C6C2CEB150}"
EndProject
Project("{FAE04EC0-301F-11D3-BF4B-00C04F79EFBC}") = "TestConsole", "TestConsole\TestConsole.csproj", "{CACB0151-0072-4F30-A9AE-7B0555AF53DF}"
	ProjectSection(ProjectDependencies) = postProject
		{BC2F9352-8969-4E54-8EED-48C6C2CEB150} = {BC2F9352-8969-4E54-8EED-48C6C2CEB150}
	EndProjectSection
EndProject
Global
	GlobalSection(SolutionConfigurationPlatforms) = preSolution
		Debug|Any CPU = Debug|Any CPU
		Release|Any CPU = Release|Any CPU
	EndGlobalSection
	GlobalSection(ProjectConfigurationPlatforms) = postSolution
		{BC2F9352-8969-4E54-8EED-48C6C2CEB150}.Debug|Any CPU.ActiveCfg = Debug|Any CPU
		{BC2F9352-8969-4E54-8EED-48C6C2CEB150}.Debug|Any CPU.Build.0 = Debug|Any CPU
		{BC2F9352-8969-4E54-8EED-48C6C2CEB150}.Release|Any CPU.ActiveCfg = Release|Any CPU
		{BC2F9352-8969-4E54-8EED-48C6C2CEB150}.Release|Any CPU.Build.0 = Release|Any CPU
		{CACB0151-0072-4F30-A9AE-7B0555AF53DF}.Debug|Any CPU.ActiveCfg = Debug|Any CPU
		{CACB0151-0072-4F30-A9AE-7B0555AF53DF}.Debug|Any CPU.Build.0 = Debug|Any CPU
		{CACB0151-0072-4F30-A9AE-7B0555AF53DF}.Release|Any CPU.ActiveCfg = Release|Any CPU
		{CACB0151-0072-4F30-A9AE-7B0555AF53DF}.Release|Any CPU.Build.0 = Release|Any CPU
	EndGlobalSection
	GlobalSection(SolutionProperties) = preSolution
		HideSolutionNode = FALSE
	EndGlobalSection
EndGlobal
